// !$*UTF8*$!
{
	archiveVersion = 1;
	classes = {
	};
	objectVersion = 55;
	objects = {

/* Begin PBXBuildFile section */
		5C20F70227428DEF002A22A0 /* MainStoryboard.storyboard in Resources */ = {isa = PBXBuildFile; fileRef = 5C20F70127428DEF002A22A0 /* MainStoryboard.storyboard */; };
		5C20F70427428E04002A22A0 /* MainViewController.swift in Sources */ = {isa = PBXBuildFile; fileRef = 5C20F70327428E04002A22A0 /* MainViewController.swift */; };
		5C20F7082742A17A002A22A0 /* ChangeAccountViewController.swift in Sources */ = {isa = PBXBuildFile; fileRef = 5C20F7072742A17A002A22A0 /* ChangeAccountViewController.swift */; };
		D32AEED22746B0ED004080A7 /* AddAccount.storyboard in Resources */ = {isa = PBXBuildFile; fileRef = D32AEED12746B0ED004080A7 /* AddAccount.storyboard */; };
		D32AEED42746B348004080A7 /* AddAccountViewController.swift in Sources */ = {isa = PBXBuildFile; fileRef = D32AEED32746B348004080A7 /* AddAccountViewController.swift */; };
		D32AEED62746D4B3004080A7 /* AddOperation.storyboard in Resources */ = {isa = PBXBuildFile; fileRef = D32AEED52746D4B3004080A7 /* AddOperation.storyboard */; };
		D32AEED82746E29C004080A7 /* AddOperationViewController.swift in Sources */ = {isa = PBXBuildFile; fileRef = D32AEED72746E29C004080A7 /* AddOperationViewController.swift */; };
		D32AEEDA2747C365004080A7 /* ViewsProtocolExtension.swift in Sources */ = {isa = PBXBuildFile; fileRef = D32AEED92747C365004080A7 /* ViewsProtocolExtension.swift */; };
		D32C9E722741123800B1BB61 /* Users.swift in Sources */ = {isa = PBXBuildFile; fileRef = D32C9E712741123800B1BB61 /* Users.swift */; };
		D32C9E74274112E200B1BB61 /* Accounts.swift in Sources */ = {isa = PBXBuildFile; fileRef = D32C9E73274112E200B1BB61 /* Accounts.swift */; };
		D32C9E76274112F700B1BB61 /* Categories.swift in Sources */ = {isa = PBXBuildFile; fileRef = D32C9E75274112F700B1BB61 /* Categories.swift */; };
		D32C9E7927411A4600B1BB61 /* Operations.swift in Sources */ = {isa = PBXBuildFile; fileRef = D32C9E7827411A4600B1BB61 /* Operations.swift */; };
		D32C9E7B27412BBE00B1BB61 /* DataManager.swift in Sources */ = {isa = PBXBuildFile; fileRef = D32C9E7A27412BBD00B1BB61 /* DataManager.swift */; };
		D32FBF83273FE5F9005DC56C /* AppDelegate.swift in Sources */ = {isa = PBXBuildFile; fileRef = D32FBF82273FE5F9005DC56C /* AppDelegate.swift */; };
		D32FBF85273FE5F9005DC56C /* SceneDelegate.swift in Sources */ = {isa = PBXBuildFile; fileRef = D32FBF84273FE5F9005DC56C /* SceneDelegate.swift */; };
		D32FBF87273FE5F9005DC56C /* TabBarViewController.swift in Sources */ = {isa = PBXBuildFile; fileRef = D32FBF86273FE5F9005DC56C /* TabBarViewController.swift */; };
		D32FBF8A273FE5F9005DC56C /* TabBar.storyboard in Resources */ = {isa = PBXBuildFile; fileRef = D32FBF88273FE5F9005DC56C /* TabBar.storyboard */; };
		D32FBF8C273FE5FA005DC56C /* Assets.xcassets in Resources */ = {isa = PBXBuildFile; fileRef = D32FBF8B273FE5FA005DC56C /* Assets.xcassets */; };
		D32FBF8F273FE5FA005DC56C /* LaunchScreen.storyboard in Resources */ = {isa = PBXBuildFile; fileRef = D32FBF8D273FE5FA005DC56C /* LaunchScreen.storyboard */; };
		D3533D0127452A2500CCBEC6 /* History.storyboard in Resources */ = {isa = PBXBuildFile; fileRef = D3533D0027452A2500CCBEC6 /* History.storyboard */; };
		D3533D0327452E2A00CCBEC6 /* AddCategory.storyboard in Resources */ = {isa = PBXBuildFile; fileRef = D3533D0227452E2A00CCBEC6 /* AddCategory.storyboard */; };
		D3533D052745370E00CCBEC6 /* AddCategoryViewController.swift in Sources */ = {isa = PBXBuildFile; fileRef = D3533D042745370E00CCBEC6 /* AddCategoryViewController.swift */; };
		D3533D0927456A1100CCBEC6 /* UserPublicAndPrivateExtension.swift in Sources */ = {isa = PBXBuildFile; fileRef = D3533D0827456A1100CCBEC6 /* UserPublicAndPrivateExtension.swift */; };
		D3533D0B27456AFF00CCBEC6 /* Profiles.swift in Sources */ = {isa = PBXBuildFile; fileRef = D3533D0A27456AFE00CCBEC6 /* Profiles.swift */; };
		D35A16512743EE0C00BDFDE1 /* Profile.storyboard in Resources */ = {isa = PBXBuildFile; fileRef = D35A16502743EE0C00BDFDE1 /* Profile.storyboard */; };
		D35A16532743EF5500BDFDE1 /* ProfileViewController.swift in Sources */ = {isa = PBXBuildFile; fileRef = D35A16522743EF5500BDFDE1 /* ProfileViewController.swift */; };
		F8466EFC275B9CA5001E3FA7 /* ChangeAccount.storyboard in Resources */ = {isa = PBXBuildFile; fileRef = F8466EFB275B9CA5001E3FA7 /* ChangeAccount.storyboard */; };
		F860B14A2749380500B0AA0A /* UITableViewDataSourceExtension.swift in Sources */ = {isa = PBXBuildFile; fileRef = F860B1492749380500B0AA0A /* UITableViewDataSourceExtension.swift */; };
		F860E85127442E8E00D49FAB /* HistoryViewController.swift in Sources */ = {isa = PBXBuildFile; fileRef = F860E85027442E8E00D49FAB /* HistoryViewController.swift */; };
		F89568C12745817E00131746 /* Sequence.swift in Sources */ = {isa = PBXBuildFile; fileRef = F89568C02745817E00131746 /* Sequence.swift */; };
		F89D27B427410C74006A0447 /* Overview.storyboard in Resources */ = {isa = PBXBuildFile; fileRef = F89D27B327410C74006A0447 /* Overview.storyboard */; };
		F89D27B6274114BD006A0447 /* OverviewViewController.swift in Sources */ = {isa = PBXBuildFile; fileRef = F89D27B5274114BD006A0447 /* OverviewViewController.swift */; };
		F89D27B927412ECB006A0447 /* Formatter.swift in Sources */ = {isa = PBXBuildFile; fileRef = F89D27B827412ECB006A0447 /* Formatter.swift */; };
		F89D27BB27412EF8006A0447 /* Numeric.swift in Sources */ = {isa = PBXBuildFile; fileRef = F89D27BA27412EF8006A0447 /* Numeric.swift */; };
		F89D27BD27413169006A0447 /* Locale.swift in Sources */ = {isa = PBXBuildFile; fileRef = F89D27BC27413169006A0447 /* Locale.swift */; };
/* End PBXBuildFile section */

/* Begin PBXFileReference section */
		5C20F70127428DEF002A22A0 /* MainStoryboard.storyboard */ = {isa = PBXFileReference; lastKnownFileType = file.storyboard; path = MainStoryboard.storyboard; sourceTree = "<group>"; };
		5C20F70327428E04002A22A0 /* MainViewController.swift */ = {isa = PBXFileReference; lastKnownFileType = sourcecode.swift; path = MainViewController.swift; sourceTree = "<group>"; };
		5C20F7072742A17A002A22A0 /* ChangeAccountViewController.swift */ = {isa = PBXFileReference; lastKnownFileType = sourcecode.swift; path = ChangeAccountViewController.swift; sourceTree = "<group>"; };
		D32AEED12746B0ED004080A7 /* AddAccount.storyboard */ = {isa = PBXFileReference; lastKnownFileType = file.storyboard; path = AddAccount.storyboard; sourceTree = "<group>"; };
		D32AEED32746B348004080A7 /* AddAccountViewController.swift */ = {isa = PBXFileReference; lastKnownFileType = sourcecode.swift; path = AddAccountViewController.swift; sourceTree = "<group>"; };
		D32AEED52746D4B3004080A7 /* AddOperation.storyboard */ = {isa = PBXFileReference; lastKnownFileType = file.storyboard; path = AddOperation.storyboard; sourceTree = "<group>"; };
		D32AEED72746E29C004080A7 /* AddOperationViewController.swift */ = {isa = PBXFileReference; lastKnownFileType = sourcecode.swift; path = AddOperationViewController.swift; sourceTree = "<group>"; };
		D32AEED92747C365004080A7 /* ViewsProtocolExtension.swift */ = {isa = PBXFileReference; lastKnownFileType = sourcecode.swift; path = ViewsProtocolExtension.swift; sourceTree = "<group>"; };
		D32C9E712741123800B1BB61 /* Users.swift */ = {isa = PBXFileReference; lastKnownFileType = sourcecode.swift; path = Users.swift; sourceTree = "<group>"; };
		D32C9E73274112E200B1BB61 /* Accounts.swift */ = {isa = PBXFileReference; lastKnownFileType = sourcecode.swift; path = Accounts.swift; sourceTree = "<group>"; };
		D32C9E75274112F700B1BB61 /* Categories.swift */ = {isa = PBXFileReference; lastKnownFileType = sourcecode.swift; path = Categories.swift; sourceTree = "<group>"; };
		D32C9E7827411A4600B1BB61 /* Operations.swift */ = {isa = PBXFileReference; lastKnownFileType = sourcecode.swift; path = Operations.swift; sourceTree = "<group>"; };
		D32C9E7A27412BBD00B1BB61 /* DataManager.swift */ = {isa = PBXFileReference; lastKnownFileType = sourcecode.swift; path = DataManager.swift; sourceTree = "<group>"; };
		D32FBF7F273FE5F9005DC56C /* MoneyKeeper.app */ = {isa = PBXFileReference; explicitFileType = wrapper.application; includeInIndex = 0; path = MoneyKeeper.app; sourceTree = BUILT_PRODUCTS_DIR; };
		D32FBF82273FE5F9005DC56C /* AppDelegate.swift */ = {isa = PBXFileReference; lastKnownFileType = sourcecode.swift; path = AppDelegate.swift; sourceTree = "<group>"; };
		D32FBF84273FE5F9005DC56C /* SceneDelegate.swift */ = {isa = PBXFileReference; lastKnownFileType = sourcecode.swift; path = SceneDelegate.swift; sourceTree = "<group>"; };
		D32FBF86273FE5F9005DC56C /* TabBarViewController.swift */ = {isa = PBXFileReference; lastKnownFileType = sourcecode.swift; path = TabBarViewController.swift; sourceTree = "<group>"; };
		D32FBF89273FE5F9005DC56C /* Base */ = {isa = PBXFileReference; lastKnownFileType = file.storyboard; name = Base; path = Base.lproj/TabBar.storyboard; sourceTree = "<group>"; };
		D32FBF8B273FE5FA005DC56C /* Assets.xcassets */ = {isa = PBXFileReference; lastKnownFileType = folder.assetcatalog; path = Assets.xcassets; sourceTree = "<group>"; };
		D32FBF8E273FE5FA005DC56C /* Base */ = {isa = PBXFileReference; lastKnownFileType = file.storyboard; name = Base; path = Base.lproj/LaunchScreen.storyboard; sourceTree = "<group>"; };
		D32FBF90273FE5FA005DC56C /* Info.plist */ = {isa = PBXFileReference; lastKnownFileType = text.plist.xml; path = Info.plist; sourceTree = "<group>"; };
		D3533D0027452A2500CCBEC6 /* History.storyboard */ = {isa = PBXFileReference; fileEncoding = 4; lastKnownFileType = file.storyboard; path = History.storyboard; sourceTree = "<group>"; };
		D3533D0227452E2A00CCBEC6 /* AddCategory.storyboard */ = {isa = PBXFileReference; lastKnownFileType = file.storyboard; path = AddCategory.storyboard; sourceTree = "<group>"; };
		D3533D042745370E00CCBEC6 /* AddCategoryViewController.swift */ = {isa = PBXFileReference; lastKnownFileType = sourcecode.swift; path = AddCategoryViewController.swift; sourceTree = "<group>"; };
		D3533D0827456A1100CCBEC6 /* UserPublicAndPrivateExtension.swift */ = {isa = PBXFileReference; lastKnownFileType = sourcecode.swift; path = UserPublicAndPrivateExtension.swift; sourceTree = "<group>"; };
		D3533D0A27456AFE00CCBEC6 /* Profiles.swift */ = {isa = PBXFileReference; lastKnownFileType = sourcecode.swift; path = Profiles.swift; sourceTree = "<group>"; };
		D35A16502743EE0C00BDFDE1 /* Profile.storyboard */ = {isa = PBXFileReference; lastKnownFileType = file.storyboard; path = Profile.storyboard; sourceTree = "<group>"; };
		D35A16522743EF5500BDFDE1 /* ProfileViewController.swift */ = {isa = PBXFileReference; lastKnownFileType = sourcecode.swift; path = ProfileViewController.swift; sourceTree = "<group>"; };
		F8466EFB275B9CA5001E3FA7 /* ChangeAccount.storyboard */ = {isa = PBXFileReference; lastKnownFileType = file.storyboard; path = ChangeAccount.storyboard; sourceTree = "<group>"; };
		F860B1492749380500B0AA0A /* UITableViewDataSourceExtension.swift */ = {isa = PBXFileReference; lastKnownFileType = sourcecode.swift; path = UITableViewDataSourceExtension.swift; sourceTree = "<group>"; };
		F860E85027442E8E00D49FAB /* HistoryViewController.swift */ = {isa = PBXFileReference; lastKnownFileType = sourcecode.swift; path = HistoryViewController.swift; sourceTree = "<group>"; };
		F89568C02745817E00131746 /* Sequence.swift */ = {isa = PBXFileReference; lastKnownFileType = sourcecode.swift; path = Sequence.swift; sourceTree = "<group>"; };
		F89D27B327410C74006A0447 /* Overview.storyboard */ = {isa = PBXFileReference; lastKnownFileType = file.storyboard; path = Overview.storyboard; sourceTree = "<group>"; };
		F89D27B5274114BD006A0447 /* OverviewViewController.swift */ = {isa = PBXFileReference; lastKnownFileType = sourcecode.swift; path = OverviewViewController.swift; sourceTree = "<group>"; };
		F89D27B827412ECB006A0447 /* Formatter.swift */ = {isa = PBXFileReference; lastKnownFileType = sourcecode.swift; path = Formatter.swift; sourceTree = "<group>"; };
		F89D27BA27412EF8006A0447 /* Numeric.swift */ = {isa = PBXFileReference; lastKnownFileType = sourcecode.swift; path = Numeric.swift; sourceTree = "<group>"; };
		F89D27BC27413169006A0447 /* Locale.swift */ = {isa = PBXFileReference; lastKnownFileType = sourcecode.swift; path = Locale.swift; sourceTree = "<group>"; };
/* End PBXFileReference section */

/* Begin PBXFrameworksBuildPhase section */
		D32FBF7C273FE5F9005DC56C /* Frameworks */ = {
			isa = PBXFrameworksBuildPhase;
			buildActionMask = 2147483647;
			files = (
			);
			runOnlyForDeploymentPostprocessing = 0;
		};
/* End PBXFrameworksBuildPhase section */

/* Begin PBXGroup section */
		D32C9E77274112FC00B1BB61 /* Models */ = {
			isa = PBXGroup;
			children = (
				D32C9E712741123800B1BB61 /* Users.swift */,
				D3533D0A27456AFE00CCBEC6 /* Profiles.swift */,
				D32C9E73274112E200B1BB61 /* Accounts.swift */,
				D32C9E7827411A4600B1BB61 /* Operations.swift */,
				D32C9E75274112F700B1BB61 /* Categories.swift */,
			);
			path = Models;
			sourceTree = "<group>";
		};
		D32C9E7C27412BC200B1BB61 /* Services */ = {
			isa = PBXGroup;
			children = (
				D32C9E7A27412BBD00B1BB61 /* DataManager.swift */,
			);
			path = Services;
			sourceTree = "<group>";
		};
		D32FBF76273FE5F9005DC56C = {
			isa = PBXGroup;
			children = (
				D32FBF81273FE5F9005DC56C /* MoneyKeeper */,
				D32FBF80273FE5F9005DC56C /* Products */,
			);
			sourceTree = "<group>";
		};
		D32FBF80273FE5F9005DC56C /* Products */ = {
			isa = PBXGroup;
			children = (
				D32FBF7F273FE5F9005DC56C /* MoneyKeeper.app */,
			);
			name = Products;
			sourceTree = "<group>";
		};
		D32FBF81273FE5F9005DC56C /* MoneyKeeper */ = {
			isa = PBXGroup;
			children = (
				F89D27B727412E65006A0447 /* Extensions */,
				D32FBF96273FE62E005DC56C /* Configurations */,
				D32FBF97273FE63A005DC56C /* ViewControllers */,
				D32FBF98273FE648005DC56C /* Storyboards */,
				D32FBF99273FE65B005DC56C /* Resources */,
				D32C9E77274112FC00B1BB61 /* Models */,
				D32C9E7C27412BC200B1BB61 /* Services */,
			);
			path = MoneyKeeper;
			sourceTree = "<group>";
		};
		D32FBF96273FE62E005DC56C /* Configurations */ = {
			isa = PBXGroup;
			children = (
				D32FBF82273FE5F9005DC56C /* AppDelegate.swift */,
				D32FBF84273FE5F9005DC56C /* SceneDelegate.swift */,
				D32FBF90273FE5FA005DC56C /* Info.plist */,
			);
			path = Configurations;
			sourceTree = "<group>";
		};
		D32FBF97273FE63A005DC56C /* ViewControllers */ = {
			isa = PBXGroup;
			children = (
				D32FBF86273FE5F9005DC56C /* TabBarViewController.swift */,
				F89D27B5274114BD006A0447 /* OverviewViewController.swift */,
				D35A16522743EF5500BDFDE1 /* ProfileViewController.swift */,
				F860E85027442E8E00D49FAB /* HistoryViewController.swift */,
				D3533D042745370E00CCBEC6 /* AddCategoryViewController.swift */,
				D32AEED32746B348004080A7 /* AddAccountViewController.swift */,
				5C20F70327428E04002A22A0 /* MainViewController.swift */,
				5C20F7072742A17A002A22A0 /* ChangeAccountViewController.swift */,
				D32AEED72746E29C004080A7 /* AddOperationViewController.swift */,
			);
			path = ViewControllers;
			sourceTree = "<group>";
		};
		D32FBF98273FE648005DC56C /* Storyboards */ = {
			isa = PBXGroup;
			children = (
				D32FBF8D273FE5FA005DC56C /* LaunchScreen.storyboard */,
				D32FBF88273FE5F9005DC56C /* TabBar.storyboard */,
				F89D27B327410C74006A0447 /* Overview.storyboard */,
				D35A16502743EE0C00BDFDE1 /* Profile.storyboard */,
				D3533D0027452A2500CCBEC6 /* History.storyboard */,
				F8466EFB275B9CA5001E3FA7 /* ChangeAccount.storyboard */,
				D3533D0227452E2A00CCBEC6 /* AddCategory.storyboard */,
				5C20F70127428DEF002A22A0 /* MainStoryboard.storyboard */,
				D32AEED12746B0ED004080A7 /* AddAccount.storyboard */,
				D32AEED52746D4B3004080A7 /* AddOperation.storyboard */,
			);
			path = Storyboards;
			sourceTree = "<group>";
		};
		D32FBF99273FE65B005DC56C /* Resources */ = {
			isa = PBXGroup;
			children = (
				D32FBF8B273FE5FA005DC56C /* Assets.xcassets */,
			);
			path = Resources;
			sourceTree = "<group>";
		};
		F89D27B727412E65006A0447 /* Extensions */ = {
			isa = PBXGroup;
			children = (
				F89D27B827412ECB006A0447 /* Formatter.swift */,
				F89568C02745817E00131746 /* Sequence.swift */,
				F89D27BC27413169006A0447 /* Locale.swift */,
				F89D27BA27412EF8006A0447 /* Numeric.swift */,
				F860B1492749380500B0AA0A /* UITableViewDataSourceExtension.swift */,
				D3533D0827456A1100CCBEC6 /* UserPublicAndPrivateExtension.swift */,
				D32AEED92747C365004080A7 /* ViewsProtocolExtension.swift */,
			);
			path = Extensions;
			sourceTree = "<group>";
		};
/* End PBXGroup section */

/* Begin PBXNativeTarget section */
		D32FBF7E273FE5F9005DC56C /* MoneyKeeper */ = {
			isa = PBXNativeTarget;
			buildConfigurationList = D32FBF93273FE5FA005DC56C /* Build configuration list for PBXNativeTarget "MoneyKeeper" */;
			buildPhases = (
				D32FBF7B273FE5F9005DC56C /* Sources */,
				D32FBF7C273FE5F9005DC56C /* Frameworks */,
				D32FBF7D273FE5F9005DC56C /* Resources */,
			);
			buildRules = (
			);
			dependencies = (
			);
			name = MoneyKeeper;
			productName = MoneyKeeper;
			productReference = D32FBF7F273FE5F9005DC56C /* MoneyKeeper.app */;
			productType = "com.apple.product-type.application";
		};
/* End PBXNativeTarget section */

/* Begin PBXProject section */
		D32FBF77273FE5F9005DC56C /* Project object */ = {
			isa = PBXProject;
			attributes = {
				BuildIndependentTargetsInParallel = 1;
				LastSwiftUpdateCheck = 1310;
				LastUpgradeCheck = 1310;
				TargetAttributes = {
					D32FBF7E273FE5F9005DC56C = {
						CreatedOnToolsVersion = 13.1;
					};
				};
			};
			buildConfigurationList = D32FBF7A273FE5F9005DC56C /* Build configuration list for PBXProject "MoneyKeeper" */;
			compatibilityVersion = "Xcode 13.0";
			developmentRegion = en;
			hasScannedForEncodings = 0;
			knownRegions = (
				en,
				Base,
			);
			mainGroup = D32FBF76273FE5F9005DC56C;
			productRefGroup = D32FBF80273FE5F9005DC56C /* Products */;
			projectDirPath = "";
			projectRoot = "";
			targets = (
				D32FBF7E273FE5F9005DC56C /* MoneyKeeper */,
			);
		};
/* End PBXProject section */

/* Begin PBXResourcesBuildPhase section */
		D32FBF7D273FE5F9005DC56C /* Resources */ = {
			isa = PBXResourcesBuildPhase;
			buildActionMask = 2147483647;
			files = (
				D32AEED22746B0ED004080A7 /* AddAccount.storyboard in Resources */,
				D35A16512743EE0C00BDFDE1 /* Profile.storyboard in Resources */,
				D32FBF8F273FE5FA005DC56C /* LaunchScreen.storyboard in Resources */,
				D3533D0127452A2500CCBEC6 /* History.storyboard in Resources */,
				D32AEED62746D4B3004080A7 /* AddOperation.storyboard in Resources */,
				F89D27B427410C74006A0447 /* Overview.storyboard in Resources */,
				F8466EFC275B9CA5001E3FA7 /* ChangeAccount.storyboard in Resources */,
				D3533D0327452E2A00CCBEC6 /* AddCategory.storyboard in Resources */,
				D32FBF8C273FE5FA005DC56C /* Assets.xcassets in Resources */,
				5C20F70227428DEF002A22A0 /* MainStoryboard.storyboard in Resources */,
				D32FBF8A273FE5F9005DC56C /* TabBar.storyboard in Resources */,
			);
			runOnlyForDeploymentPostprocessing = 0;
		};
/* End PBXResourcesBuildPhase section */

/* Begin PBXSourcesBuildPhase section */
		D32FBF7B273FE5F9005DC56C /* Sources */ = {
			isa = PBXSourcesBuildPhase;
			buildActionMask = 2147483647;
			files = (
				D32C9E722741123800B1BB61 /* Users.swift in Sources */,
				D32AEED42746B348004080A7 /* AddAccountViewController.swift in Sources */,
				D32C9E7B27412BBE00B1BB61 /* DataManager.swift in Sources */,
				D32FBF87273FE5F9005DC56C /* TabBarViewController.swift in Sources */,
				5C20F70427428E04002A22A0 /* MainViewController.swift in Sources */,
				D32C9E76274112F700B1BB61 /* Categories.swift in Sources */,
				D32AEED82746E29C004080A7 /* AddOperationViewController.swift in Sources */,
				D32AEEDA2747C365004080A7 /* ViewsProtocolExtension.swift in Sources */,
				D3533D0927456A1100CCBEC6 /* UserPublicAndPrivateExtension.swift in Sources */,
				F860E85127442E8E00D49FAB /* HistoryViewController.swift in Sources */,
				F89568C12745817E00131746 /* Sequence.swift in Sources */,
				D32C9E7927411A4600B1BB61 /* Operations.swift in Sources */,
				D3533D0B27456AFF00CCBEC6 /* Profiles.swift in Sources */,
				D32C9E74274112E200B1BB61 /* Accounts.swift in Sources */,
				F860B14A2749380500B0AA0A /* UITableViewDataSourceExtension.swift in Sources */,
				F89D27BD27413169006A0447 /* Locale.swift in Sources */,
				F89D27BB27412EF8006A0447 /* Numeric.swift in Sources */,
				F89D27B6274114BD006A0447 /* OverviewViewController.swift in Sources */,
				F89D27B927412ECB006A0447 /* Formatter.swift in Sources */,
				D35A16532743EF5500BDFDE1 /* ProfileViewController.swift in Sources */,
				D3533D052745370E00CCBEC6 /* AddCategoryViewController.swift in Sources */,
				D32FBF83273FE5F9005DC56C /* AppDelegate.swift in Sources */,
				5C20F7082742A17A002A22A0 /* ChangeAccountViewController.swift in Sources */,
				D32FBF85273FE5F9005DC56C /* SceneDelegate.swift in Sources */,
			);
			runOnlyForDeploymentPostprocessing = 0;
		};
/* End PBXSourcesBuildPhase section */

/* Begin PBXVariantGroup section */
		D32FBF88273FE5F9005DC56C /* TabBar.storyboard */ = {
			isa = PBXVariantGroup;
			children = (
				D32FBF89273FE5F9005DC56C /* Base */,
			);
			name = TabBar.storyboard;
			sourceTree = "<group>";
		};
		D32FBF8D273FE5FA005DC56C /* LaunchScreen.storyboard */ = {
			isa = PBXVariantGroup;
			children = (
				D32FBF8E273FE5FA005DC56C /* Base */,
			);
			name = LaunchScreen.storyboard;
			sourceTree = "<group>";
		};
/* End PBXVariantGroup section */

/* Begin XCBuildConfiguration section */
		D32FBF91273FE5FA005DC56C /* Debug */ = {
			isa = XCBuildConfiguration;
			buildSettings = {
				ALWAYS_SEARCH_USER_PATHS = NO;
				CLANG_ANALYZER_NONNULL = YES;
				CLANG_ANALYZER_NUMBER_OBJECT_CONVERSION = YES_AGGRESSIVE;
				CLANG_CXX_LANGUAGE_STANDARD = "gnu++17";
				CLANG_CXX_LIBRARY = "libc++";
				CLANG_ENABLE_MODULES = YES;
				CLANG_ENABLE_OBJC_ARC = YES;
				CLANG_ENABLE_OBJC_WEAK = YES;
				CLANG_WARN_BLOCK_CAPTURE_AUTORELEASING = YES;
				CLANG_WARN_BOOL_CONVERSION = YES;
				CLANG_WARN_COMMA = YES;
				CLANG_WARN_CONSTANT_CONVERSION = YES;
				CLANG_WARN_DEPRECATED_OBJC_IMPLEMENTATIONS = YES;
				CLANG_WARN_DIRECT_OBJC_ISA_USAGE = YES_ERROR;
				CLANG_WARN_DOCUMENTATION_COMMENTS = YES;
				CLANG_WARN_EMPTY_BODY = YES;
				CLANG_WARN_ENUM_CONVERSION = YES;
				CLANG_WARN_INFINITE_RECURSION = YES;
				CLANG_WARN_INT_CONVERSION = YES;
				CLANG_WARN_NON_LITERAL_NULL_CONVERSION = YES;
				CLANG_WARN_OBJC_IMPLICIT_RETAIN_SELF = YES;
				CLANG_WARN_OBJC_LITERAL_CONVERSION = YES;
				CLANG_WARN_OBJC_ROOT_CLASS = YES_ERROR;
				CLANG_WARN_QUOTED_INCLUDE_IN_FRAMEWORK_HEADER = YES;
				CLANG_WARN_RANGE_LOOP_ANALYSIS = YES;
				CLANG_WARN_STRICT_PROTOTYPES = YES;
				CLANG_WARN_SUSPICIOUS_MOVE = YES;
				CLANG_WARN_UNGUARDED_AVAILABILITY = YES_AGGRESSIVE;
				CLANG_WARN_UNREACHABLE_CODE = YES;
				CLANG_WARN__DUPLICATE_METHOD_MATCH = YES;
				COPY_PHASE_STRIP = NO;
				DEBUG_INFORMATION_FORMAT = dwarf;
				ENABLE_STRICT_OBJC_MSGSEND = YES;
				ENABLE_TESTABILITY = YES;
				GCC_C_LANGUAGE_STANDARD = gnu11;
				GCC_DYNAMIC_NO_PIC = NO;
				GCC_NO_COMMON_BLOCKS = YES;
				GCC_OPTIMIZATION_LEVEL = 0;
				GCC_PREPROCESSOR_DEFINITIONS = (
					"DEBUG=1",
					"$(inherited)",
				);
				GCC_WARN_64_TO_32_BIT_CONVERSION = YES;
				GCC_WARN_ABOUT_RETURN_TYPE = YES_ERROR;
				GCC_WARN_UNDECLARED_SELECTOR = YES;
				GCC_WARN_UNINITIALIZED_AUTOS = YES_AGGRESSIVE;
				GCC_WARN_UNUSED_FUNCTION = YES;
				GCC_WARN_UNUSED_VARIABLE = YES;
				IPHONEOS_DEPLOYMENT_TARGET = 15.0;
				MTL_ENABLE_DEBUG_INFO = INCLUDE_SOURCE;
				MTL_FAST_MATH = YES;
				ONLY_ACTIVE_ARCH = YES;
				SDKROOT = iphoneos;
				SWIFT_ACTIVE_COMPILATION_CONDITIONS = DEBUG;
				SWIFT_OPTIMIZATION_LEVEL = "-Onone";
			};
			name = Debug;
		};
		D32FBF92273FE5FA005DC56C /* Release */ = {
			isa = XCBuildConfiguration;
			buildSettings = {
				ALWAYS_SEARCH_USER_PATHS = NO;
				CLANG_ANALYZER_NONNULL = YES;
				CLANG_ANALYZER_NUMBER_OBJECT_CONVERSION = YES_AGGRESSIVE;
				CLANG_CXX_LANGUAGE_STANDARD = "gnu++17";
				CLANG_CXX_LIBRARY = "libc++";
				CLANG_ENABLE_MODULES = YES;
				CLANG_ENABLE_OBJC_ARC = YES;
				CLANG_ENABLE_OBJC_WEAK = YES;
				CLANG_WARN_BLOCK_CAPTURE_AUTORELEASING = YES;
				CLANG_WARN_BOOL_CONVERSION = YES;
				CLANG_WARN_COMMA = YES;
				CLANG_WARN_CONSTANT_CONVERSION = YES;
				CLANG_WARN_DEPRECATED_OBJC_IMPLEMENTATIONS = YES;
				CLANG_WARN_DIRECT_OBJC_ISA_USAGE = YES_ERROR;
				CLANG_WARN_DOCUMENTATION_COMMENTS = YES;
				CLANG_WARN_EMPTY_BODY = YES;
				CLANG_WARN_ENUM_CONVERSION = YES;
				CLANG_WARN_INFINITE_RECURSION = YES;
				CLANG_WARN_INT_CONVERSION = YES;
				CLANG_WARN_NON_LITERAL_NULL_CONVERSION = YES;
				CLANG_WARN_OBJC_IMPLICIT_RETAIN_SELF = YES;
				CLANG_WARN_OBJC_LITERAL_CONVERSION = YES;
				CLANG_WARN_OBJC_ROOT_CLASS = YES_ERROR;
				CLANG_WARN_QUOTED_INCLUDE_IN_FRAMEWORK_HEADER = YES;
				CLANG_WARN_RANGE_LOOP_ANALYSIS = YES;
				CLANG_WARN_STRICT_PROTOTYPES = YES;
				CLANG_WARN_SUSPICIOUS_MOVE = YES;
				CLANG_WARN_UNGUARDED_AVAILABILITY = YES_AGGRESSIVE;
				CLANG_WARN_UNREACHABLE_CODE = YES;
				CLANG_WARN__DUPLICATE_METHOD_MATCH = YES;
				COPY_PHASE_STRIP = NO;
				DEBUG_INFORMATION_FORMAT = "dwarf-with-dsym";
				ENABLE_NS_ASSERTIONS = NO;
				ENABLE_STRICT_OBJC_MSGSEND = YES;
				GCC_C_LANGUAGE_STANDARD = gnu11;
				GCC_NO_COMMON_BLOCKS = YES;
				GCC_WARN_64_TO_32_BIT_CONVERSION = YES;
				GCC_WARN_ABOUT_RETURN_TYPE = YES_ERROR;
				GCC_WARN_UNDECLARED_SELECTOR = YES;
				GCC_WARN_UNINITIALIZED_AUTOS = YES_AGGRESSIVE;
				GCC_WARN_UNUSED_FUNCTION = YES;
				GCC_WARN_UNUSED_VARIABLE = YES;
				IPHONEOS_DEPLOYMENT_TARGET = 15.0;
				MTL_ENABLE_DEBUG_INFO = NO;
				MTL_FAST_MATH = YES;
				SDKROOT = iphoneos;
				SWIFT_COMPILATION_MODE = wholemodule;
				SWIFT_OPTIMIZATION_LEVEL = "-O";
				VALIDATE_PRODUCT = YES;
			};
			name = Release;
		};
		D32FBF94273FE5FA005DC56C /* Debug */ = {
			isa = XCBuildConfiguration;
			buildSettings = {
				ASSETCATALOG_COMPILER_APPICON_NAME = AppIcon;
				ASSETCATALOG_COMPILER_GLOBAL_ACCENT_COLOR_NAME = AccentColor;
				CODE_SIGN_STYLE = Automatic;
				CURRENT_PROJECT_VERSION = 1;
				DEVELOPMENT_TEAM = Y94WMCGB23;
				GENERATE_INFOPLIST_FILE = YES;
				INFOPLIST_FILE = MoneyKeeper/Configurations/Info.plist;
				INFOPLIST_KEY_UIApplicationSupportsIndirectInputEvents = YES;
				INFOPLIST_KEY_UILaunchStoryboardName = LaunchScreen;
				INFOPLIST_KEY_UIMainStoryboardFile = TabBar;
				INFOPLIST_KEY_UISupportedInterfaceOrientations = UIInterfaceOrientationPortrait;
				INFOPLIST_KEY_UISupportedInterfaceOrientations_iPad = "UIInterfaceOrientationPortrait UIInterfaceOrientationPortraitUpsideDown UIInterfaceOrientationLandscapeLeft UIInterfaceOrientationLandscapeRight";
				INFOPLIST_KEY_UISupportedInterfaceOrientations_iPhone = "UIInterfaceOrientationPortrait UIInterfaceOrientationLandscapeLeft UIInterfaceOrientationLandscapeRight";
				LD_RUNPATH_SEARCH_PATHS = (
					"$(inherited)",
					"@executable_path/Frameworks",
				);
				MARKETING_VERSION = 1.0;
				PRODUCT_BUNDLE_IDENTIFIER = denis.karpov.MoneyKeeper;
				PRODUCT_NAME = "$(TARGET_NAME)";
				SWIFT_EMIT_LOC_STRINGS = YES;
				SWIFT_VERSION = 5.0;
				TARGETED_DEVICE_FAMILY = 1;
			};
			name = Debug;
		};
		D32FBF95273FE5FA005DC56C /* Release */ = {
			isa = XCBuildConfiguration;
			buildSettings = {
				ASSETCATALOG_COMPILER_APPICON_NAME = AppIcon;
				ASSETCATALOG_COMPILER_GLOBAL_ACCENT_COLOR_NAME = AccentColor;
				CODE_SIGN_STYLE = Automatic;
				CURRENT_PROJECT_VERSION = 1;
				DEVELOPMENT_TEAM = Y94WMCGB23;
				GENERATE_INFOPLIST_FILE = YES;
				INFOPLIST_FILE = MoneyKeeper/Configurations/Info.plist;
				INFOPLIST_KEY_UIApplicationSupportsIndirectInputEvents = YES;
				INFOPLIST_KEY_UILaunchStoryboardName = LaunchScreen;
				INFOPLIST_KEY_UIMainStoryboardFile = TabBar;
				INFOPLIST_KEY_UISupportedInterfaceOrientations = UIInterfaceOrientationPortrait;
				INFOPLIST_KEY_UISupportedInterfaceOrientations_iPad = "UIInterfaceOrientationPortrait UIInterfaceOrientationPortraitUpsideDown UIInterfaceOrientationLandscapeLeft UIInterfaceOrientationLandscapeRight";
				INFOPLIST_KEY_UISupportedInterfaceOrientations_iPhone = "UIInterfaceOrientationPortrait UIInterfaceOrientationLandscapeLeft UIInterfaceOrientationLandscapeRight";
				LD_RUNPATH_SEARCH_PATHS = (
					"$(inherited)",
					"@executable_path/Frameworks",
				);
				MARKETING_VERSION = 1.0;
				PRODUCT_BUNDLE_IDENTIFIER = denis.karpov.MoneyKeeper;
				PRODUCT_NAME = "$(TARGET_NAME)";
				SWIFT_EMIT_LOC_STRINGS = YES;
				SWIFT_VERSION = 5.0;
				TARGETED_DEVICE_FAMILY = 1;
			};
			name = Release;
		};
/* End XCBuildConfiguration section */

/* Begin XCConfigurationList section */
		D32FBF7A273FE5F9005DC56C /* Build configuration list for PBXProject "MoneyKeeper" */ = {
			isa = XCConfigurationList;
			buildConfigurations = (
				D32FBF91273FE5FA005DC56C /* Debug */,
				D32FBF92273FE5FA005DC56C /* Release */,
			);
			defaultConfigurationIsVisible = 0;
			defaultConfigurationName = Release;
		};
		D32FBF93273FE5FA005DC56C /* Build configuration list for PBXNativeTarget "MoneyKeeper" */ = {
			isa = XCConfigurationList;
			buildConfigurations = (
				D32FBF94273FE5FA005DC56C /* Debug */,
				D32FBF95273FE5FA005DC56C /* Release */,
			);
			defaultConfigurationIsVisible = 0;
			defaultConfigurationName = Release;
		};
/* End XCConfigurationList section */
	};
	rootObject = D32FBF77273FE5F9005DC56C /* Project object */;
}
